// !$*UTF8*$!
{
	archiveVersion = 1;
	classes = {
	};
	objectVersion = 50;
	objects = {

/* Begin PBXBuildFile section */
		ACED85702285DA1B00841C9C /* AppDelegate.swift in Sources */ = {isa = PBXBuildFile; fileRef = ACED856F2285DA1B00841C9C /* AppDelegate.swift */; };
		ACED85722285DA1B00841C9C /* ViewController.swift in Sources */ = {isa = PBXBuildFile; fileRef = ACED85712285DA1B00841C9C /* ViewController.swift */; };
		ACED85752285DA1B00841C9C /* Main.storyboard in Resources */ = {isa = PBXBuildFile; fileRef = ACED85732285DA1B00841C9C /* Main.storyboard */; };
		ACED85772285DA1E00841C9C /* Assets.xcassets in Resources */ = {isa = PBXBuildFile; fileRef = ACED85762285DA1E00841C9C /* Assets.xcassets */; };
		ACED857A2285DA1E00841C9C /* LaunchScreen.storyboard in Resources */ = {isa = PBXBuildFile; fileRef = ACED85782285DA1E00841C9C /* LaunchScreen.storyboard */; };
		ACED85822285E23200841C9C /* LogarViewController.swift in Sources */ = {isa = PBXBuildFile; fileRef = ACED85812285E23200841C9C /* LogarViewController.swift */; };
		ACED85842285E31A00841C9C /* ExibirViewController.swift in Sources */ = {isa = PBXBuildFile; fileRef = ACED85832285E31A00841C9C /* ExibirViewController.swift */; };
		ACED85862285E35800841C9C /* LojaViewController.swift in Sources */ = {isa = PBXBuildFile; fileRef = ACED85852285E35800841C9C /* LojaViewController.swift */; };
		ACED85882285E39600841C9C /* NomeExibidoViewController.swift in Sources */ = {isa = PBXBuildFile; fileRef = ACED85872285E39600841C9C /* NomeExibidoViewController.swift */; };
/* End PBXBuildFile section */

/* Begin PBXFileReference section */
		ACED856C2285DA1B00841C9C /* NavegacaoTelas.app */ = {isa = PBXFileReference; explicitFileType = wrapper.application; includeInIndex = 0; path = NavegacaoTelas.app; sourceTree = BUILT_PRODUCTS_DIR; };
		ACED856F2285DA1B00841C9C /* AppDelegate.swift */ = {isa = PBXFileReference; lastKnownFileType = sourcecode.swift; path = AppDelegate.swift; sourceTree = "<group>"; };
		ACED85712285DA1B00841C9C /* ViewController.swift */ = {isa = PBXFileReference; lastKnownFileType = sourcecode.swift; path = ViewController.swift; sourceTree = "<group>"; };
		ACED85742285DA1B00841C9C /* Base */ = {isa = PBXFileReference; lastKnownFileType = file.storyboard; name = Base; path = Base.lproj/Main.storyboard; sourceTree = "<group>"; };
		ACED85762285DA1E00841C9C /* Assets.xcassets */ = {isa = PBXFileReference; lastKnownFileType = folder.assetcatalog; path = Assets.xcassets; sourceTree = "<group>"; };
		ACED85792285DA1E00841C9C /* Base */ = {isa = PBXFileReference; lastKnownFileType = file.storyboard; name = Base; path = Base.lproj/LaunchScreen.storyboard; sourceTree = "<group>"; };
		ACED857B2285DA1E00841C9C /* Info.plist */ = {isa = PBXFileReference; lastKnownFileType = text.plist.xml; path = Info.plist; sourceTree = "<group>"; };
		ACED85812285E23200841C9C /* LogarViewController.swift */ = {isa = PBXFileReference; lastKnownFileType = sourcecode.swift; path = LogarViewController.swift; sourceTree = "<group>"; };
		ACED85832285E31A00841C9C /* ExibirViewController.swift */ = {isa = PBXFileReference; lastKnownFileType = sourcecode.swift; path = ExibirViewController.swift; sourceTree = "<group>"; };
		ACED85852285E35800841C9C /* LojaViewController.swift */ = {isa = PBXFileReference; lastKnownFileType = sourcecode.swift; path = LojaViewController.swift; sourceTree = "<group>"; };
		ACED85872285E39600841C9C /* NomeExibidoViewController.swift */ = {isa = PBXFileReference; lastKnownFileType = sourcecode.swift; path = NomeExibidoViewController.swift; sourceTree = "<group>"; };
/* End PBXFileReference section */

/* Begin PBXFrameworksBuildPhase section */
		ACED85692285DA1B00841C9C /* Frameworks */ = {
			isa = PBXFrameworksBuildPhase;
			buildActionMask = 2147483647;
			files = (
			);
			runOnlyForDeploymentPostprocessing = 0;
		};
/* End PBXFrameworksBuildPhase section */

/* Begin PBXGroup section */
		ACED85632285DA1B00841C9C = {
			isa = PBXGroup;
			children = (
				ACED856E2285DA1B00841C9C /* NavegacaoTelas */,
				ACED856D2285DA1B00841C9C /* Products */,
			);
			sourceTree = "<group>";
		};
		ACED856D2285DA1B00841C9C /* Products */ = {
			isa = PBXGroup;
			children = (
				ACED856C2285DA1B00841C9C /* NavegacaoTelas.app */,
			);
			name = Products;
			sourceTree = "<group>";
		};
		ACED856E2285DA1B00841C9C /* NavegacaoTelas */ = {
			isa = PBXGroup;
			children = (
				ACED856F2285DA1B00841C9C /* AppDelegate.swift */,
				ACED85712285DA1B00841C9C /* ViewController.swift */,
				ACED85732285DA1B00841C9C /* Main.storyboard */,
				ACED85812285E23200841C9C /* LogarViewController.swift */,
				ACED85832285E31A00841C9C /* ExibirViewController.swift */,
				ACED85852285E35800841C9C /* LojaViewController.swift */,
				ACED85872285E39600841C9C /* NomeExibidoViewController.swift */,
				ACED85762285DA1E00841C9C /* Assets.xcassets */,
				ACED85782285DA1E00841C9C /* LaunchScreen.storyboard */,
				ACED857B2285DA1E00841C9C /* Info.plist */,
			);
			path = NavegacaoTelas;
			sourceTree = "<group>";
		};
/* End PBXGroup section */

/* Begin PBXNativeTarget section */
		ACED856B2285DA1B00841C9C /* NavegacaoTelas */ = {
			isa = PBXNativeTarget;
			buildConfigurationList = ACED857E2285DA1E00841C9C /* Build configuration list for PBXNativeTarget "NavegacaoTelas" */;
			buildPhases = (
				ACED85682285DA1B00841C9C /* Sources */,
				ACED85692285DA1B00841C9C /* Frameworks */,
				ACED856A2285DA1B00841C9C /* Resources */,
			);
			buildRules = (
			);
			dependencies = (
			);
			name = NavegacaoTelas;
			productName = NavegacaoTelas;
			productReference = ACED856C2285DA1B00841C9C /* NavegacaoTelas.app */;
			productType = "com.apple.product-type.application";
		};
/* End PBXNativeTarget section */

/* Begin PBXProject section */
		ACED85642285DA1B00841C9C /* Project object */ = {
			isa = PBXProject;
			attributes = {
				LastSwiftUpdateCheck = 1010;
				LastUpgradeCheck = 1010;
				ORGANIZATIONNAME = "ygor villela";
				TargetAttributes = {
					ACED856B2285DA1B00841C9C = {
						CreatedOnToolsVersion = 10.1;
					};
				};
			};
			buildConfigurationList = ACED85672285DA1B00841C9C /* Build configuration list for PBXProject "NavegacaoTelas" */;
			compatibilityVersion = "Xcode 9.3";
			developmentRegion = en;
			hasScannedForEncodings = 0;
			knownRegions = (
				en,
				Base,
			);
			mainGroup = ACED85632285DA1B00841C9C;
			productRefGroup = ACED856D2285DA1B00841C9C /* Products */;
			projectDirPath = "";
			projectRoot = "";
			targets = (
				ACED856B2285DA1B00841C9C /* NavegacaoTelas */,
			);
		};
/* End PBXProject section */

/* Begin PBXResourcesBuildPhase section */
		ACED856A2285DA1B00841C9C /* Resources */ = {
			isa = PBXResourcesBuildPhase;
			buildActionMask = 2147483647;
			files = (
				ACED857A2285DA1E00841C9C /* LaunchScreen.storyboard in Resources */,
				ACED85772285DA1E00841C9C /* Assets.xcassets in Resources */,
				ACED85752285DA1B00841C9C /* Main.storyboard in Resources */,
			);
			runOnlyForDeploymentPostprocessing = 0;
		};
/* End PBXResourcesBuildPhase section */

/* Begin PBXSourcesBuildPhase section */
		ACED85682285DA1B00841C9C /* Sources */ = {
			isa = PBXSourcesBuildPhase;
			buildActionMask = 2147483647;
			files = (
				ACED85722285DA1B00841C9C /* ViewController.swift in Sources */,
				ACED85822285E23200841C9C /* LogarViewController.swift in Sources */,
				ACED85702285DA1B00841C9C /* AppDelegate.swift in Sources */,
				ACED85862285E35800841C9C /* LojaViewController.swift in Sources */,
				ACED85882285E39600841C9C /* NomeExibidoViewController.swift in Sources */,
				ACED85842285E31A00841C9C /* ExibirViewController.swift in Sources */,
			);
			runOnlyForDeploymentPostprocessing = 0;
		};
/* End PBXSourcesBuildPhase section */

/* Begin PBXVariantGroup section */
		ACED85732285DA1B00841C9C /* Main.storyboard */ = {
			isa = PBXVariantGroup;
			children = (
				ACED85742285DA1B00841C9C /* Base */,
			);
			name = Main.storyboard;
			sourceTree = "<group>";
		};
		ACED85782285DA1E00841C9C /* LaunchScreen.storyboard */ = {
			isa = PBXVariantGroup;
			children = (
				ACED85792285DA1E00841C9C /* Base */,
			);
			name = LaunchScreen.storyboard;
			sourceTree = "<group>";
		};
/* End PBXVariantGroup section */

/* Begin XCBuildConfiguration section */
		ACED857C2285DA1E00841C9C /* Debug */ = {
			isa = XCBuildConfiguration;
			buildSettings = {
				ALWAYS_SEARCH_USER_PATHS = NO;
				CLANG_ANALYZER_NONNULL = YES;
				CLANG_ANALYZER_NUMBER_OBJECT_CONVERSION = YES_AGGRESSIVE;
				CLANG_CXX_LANGUAGE_STANDARD = "gnu++14";
				CLANG_CXX_LIBRARY = "libc++";
				CLANG_ENABLE_MODULES = YES;
				CLANG_ENABLE_OBJC_ARC = YES;
				CLANG_ENABLE_OBJC_WEAK = YES;
				CLANG_WARN_BLOCK_CAPTURE_AUTORELEASING = YES;
				CLANG_WARN_BOOL_CONVERSION = YES;
				CLANG_WARN_COMMA = YES;
				CLANG_WARN_CONSTANT_CONVERSION = YES;
				CLANG_WARN_DEPRECATED_OBJC_IMPLEMENTATIONS = YES;
				CLANG_WARN_DIRECT_OBJC_ISA_USAGE = YES_ERROR;
				CLANG_WARN_DOCUMENTATION_COMMENTS = YES;
				CLANG_WARN_EMPTY_BODY = YES;
				CLANG_WARN_ENUM_CONVERSION = YES;
				CLANG_WARN_INFINITE_RECURSION = YES;
				CLANG_WARN_INT_CONVERSION = YES;
				CLANG_WARN_NON_LITERAL_NULL_CONVERSION = YES;
				CLANG_WARN_OBJC_IMPLICIT_RETAIN_SELF = YES;
				CLANG_WARN_OBJC_LITERAL_CONVERSION = YES;
				CLANG_WARN_OBJC_ROOT_CLASS = YES_ERROR;
				CLANG_WARN_RANGE_LOOP_ANALYSIS = YES;
				CLANG_WARN_STRICT_PROTOTYPES = YES;
				CLANG_WARN_SUSPICIOUS_MOVE = YES;
				CLANG_WARN_UNGUARDED_AVAILABILITY = YES_AGGRESSIVE;
				CLANG_WARN_UNREACHABLE_CODE = YES;
				CLANG_WARN__DUPLICATE_METHOD_MATCH = YES;
				CODE_SIGN_IDENTITY = "iPhone Developer";
				COPY_PHASE_STRIP = NO;
				DEBUG_INFORMATION_FORMAT = dwarf;
				ENABLE_STRICT_OBJC_MSGSEND = YES;
				ENABLE_TESTABILITY = YES;
				GCC_C_LANGUAGE_STANDARD = gnu11;
				GCC_DYNAMIC_NO_PIC = NO;
				GCC_NO_COMMON_BLOCKS = YES;
				GCC_OPTIMIZATION_LEVEL = 0;
				GCC_PREPROCESSOR_DEFINITIONS = (
					"DEBUG=1",
					"$(inherited)",
				);
				GCC_WARN_64_TO_32_BIT_CONVERSION = YES;
				GCC_WARN_ABOUT_RETURN_TYPE = YES_ERROR;
				GCC_WARN_UNDECLARED_SELECTOR = YES;
				GCC_WARN_UNINITIALIZED_AUTOS = YES_AGGRESSIVE;
				GCC_WARN_UNUSED_FUNCTION = YES;
				GCC_WARN_UNUSED_VARIABLE = YES;
				IPHONEOS_DEPLOYMENT_TARGET = 12.1;
				MTL_ENABLE_DEBUG_INFO = INCLUDE_SOURCE;
				MTL_FAST_MATH = YES;
				ONLY_ACTIVE_ARCH = YES;
				SDKROOT = iphoneos;
				SWIFT_ACTIVE_COMPILATION_CONDITIONS = DEBUG;
				SWIFT_OPTIMIZATION_LEVEL = "-Onone";
			};
			name = Debug;
		};
		ACED857D2285DA1E00841C9C /* Release */ = {
			isa = XCBuildConfiguration;
			buildSettings = {
				ALWAYS_SEARCH_USER_PATHS = NO;
				CLANG_ANALYZER_NONNULL = YES;
				CLANG_ANALYZER_NUMBER_OBJECT_CONVERSION = YES_AGGRESSIVE;
				CLANG_CXX_LANGUAGE_STANDARD = "gnu++14";
				CLANG_CXX_LIBRARY = "libc++";
				CLANG_ENABLE_MODULES = YES;
				CLANG_ENABLE_OBJC_ARC = YES;
				CLANG_ENABLE_OBJC_WEAK = YES;
				CLANG_WARN_BLOCK_CAPTURE_AUTORELEASING = YES;
				CLANG_WARN_BOOL_CONVERSION = YES;
				CLANG_WARN_COMMA = YES;
				CLANG_WARN_CONSTANT_CONVERSION = YES;
				CLANG_WARN_DEPRECATED_OBJC_IMPLEMENTATIONS = YES;
				CLANG_WARN_DIRECT_OBJC_ISA_USAGE = YES_ERROR;
				CLANG_WARN_DOCUMENTATION_COMMENTS = YES;
				CLANG_WARN_EMPTY_BODY = YES;
				CLANG_WARN_ENUM_CONVERSION = YES;
				CLANG_WARN_INFINITE_RECURSION = YES;
				CLANG_WARN_INT_CONVERSION = YES;
				CLANG_WARN_NON_LITERAL_NULL_CONVERSION = YES;
				CLANG_WARN_OBJC_IMPLICIT_RETAIN_SELF = YES;
				CLANG_WARN_OBJC_LITERAL_CONVERSION = YES;
				CLANG_WARN_OBJC_ROOT_CLASS = YES_ERROR;
				CLANG_WARN_RANGE_LOOP_ANALYSIS = YES;
				CLANG_WARN_STRICT_PROTOTYPES = YES;
				CLANG_WARN_SUSPICIOUS_MOVE = YES;
				CLANG_WARN_UNGUARDED_AVAILABILITY = YES_AGGRESSIVE;
				CLANG_WARN_UNREACHABLE_CODE = YES;
				CLANG_WARN__DUPLICATE_METHOD_MATCH = YES;
				CODE_SIGN_IDENTITY = "iPhone Developer";
				COPY_PHASE_STRIP = NO;
				DEBUG_INFORMATION_FORMAT = "dwarf-with-dsym";
				ENABLE_NS_ASSERTIONS = NO;
				ENABLE_STRICT_OBJC_MSGSEND = YES;
				GCC_C_LANGUAGE_STANDARD = gnu11;
				GCC_NO_COMMON_BLOCKS = YES;
				GCC_WARN_64_TO_32_BIT_CONVERSION = YES;
				GCC_WARN_ABOUT_RETURN_TYPE = YES_ERROR;
				GCC_WARN_UNDECLARED_SELECTOR = YES;
				GCC_WARN_UNINITIALIZED_AUTOS = YES_AGGRESSIVE;
				GCC_WARN_UNUSED_FUNCTION = YES;
				GCC_WARN_UNUSED_VARIABLE = YES;
				IPHONEOS_DEPLOYMENT_TARGET = 12.1;
				MTL_ENABLE_DEBUG_INFO = NO;
				MTL_FAST_MATH = YES;
				SDKROOT = iphoneos;
				SWIFT_COMPILATION_MODE = wholemodule;
				SWIFT_OPTIMIZATION_LEVEL = "-O";
				VALIDATE_PRODUCT = YES;
			};
			name = Release;
		};
		ACED857F2285DA1E00841C9C /* Debug */ = {
			isa = XCBuildConfiguration;
			buildSettings = {
				ASSETCATALOG_COMPILER_APPICON_NAME = AppIcon;
				CODE_SIGN_STYLE = Automatic;
				INFOPLIST_FILE = NavegacaoTelas/Info.plist;
				LD_RUNPATH_SEARCH_PATHS = (
					"$(inherited)",
					"@executable_path/Frameworks",
				);
				PRODUCT_BUNDLE_IDENTIFIER = br.com.fiap.NavegacaoTelas;
				PRODUCT_NAME = "$(TARGET_NAME)";
				SWIFT_VERSION = 4.2;
				TARGETED_DEVICE_FAMILY = "1,2";
			};
			name = Debug;
		};
		ACED85802285DA1E00841C9C /* Release */ = {
			isa = XCBuildConfiguration;
			buildSettings = {
				ASSETCATALOG_COMPILER_APPICON_NAME = AppIcon;
				CODE_SIGN_STYLE = Automatic;
				INFOPLIST_FILE = NavegacaoTelas/Info.plist;
				LD_RUNPATH_SEARCH_PATHS = (
					"$(inherited)",
					"@executable_path/Frameworks",
				);
				PRODUCT_BUNDLE_IDENTIFIER = br.com.fiap.NavegacaoTelas;
				PRODUCT_NAME = "$(TARGET_NAME)";
				SWIFT_VERSION = 4.2;
				TARGETED_DEVICE_FAMILY = "1,2";
			};
			name = Release;
		};
/* End XCBuildConfiguration section */

/* Begin XCConfigurationList section */
		ACED85672285DA1B00841C9C /* Build configuration list for PBXProject "NavegacaoTelas" */ = {
			isa = XCConfigurationList;
			buildConfigurations = (
				ACED857C2285DA1E00841C9C /* Debug */,
				ACED857D2285DA1E00841C9C /* Release */,
			);
			defaultConfigurationIsVisible = 0;
			defaultConfigurationName = Release;
		};
		ACED857E2285DA1E00841C9C /* Build configuration list for PBXNativeTarget "NavegacaoTelas" */ = {
			isa = XCConfigurationList;
			buildConfigurations = (
				ACED857F2285DA1E00841C9C /* Debug */,
				ACED85802285DA1E00841C9C /* Release */,
			);
			defaultConfigurationIsVisible = 0;
			defaultConfigurationName = Release;
		};
/* End XCConfigurationList section */
	};
	rootObject = ACED85642285DA1B00841C9C /* Project object */;
}
